
Microsoft Visual Studio Solution File, Format Version 12.00
# Visual Studio Version 17
VisualStudioVersion = 17.5.002.0
MinimumVisualStudioVersion = 10.0.40219.1
Project("{9A19103F-16F7-4668-BE54-9A1E7A4F7556}") = "Exo.WebApi", "Exo.WebApi.csproj", "{3FAC7D02-1155-49E6-95DF-DA6BD0AFD68F}"
EndProject
Global
	GlobalSection(SolutionConfigurationPlatforms) = preSolution
		Debug|Any CPU = Debug|Any CPU
		Release|Any CPU = Release|Any CPU
	EndGlobalSection
	GlobalSection(ProjectConfigurationPlatforms) = postSolution
		{3FAC7D02-1155-49E6-95DF-DA6BD0AFD68F}.Debug|Any CPU.ActiveCfg = Debug|Any CPU
		{3FAC7D02-1155-49E6-95DF-DA6BD0AFD68F}.Debug|Any CPU.Build.0 = Debug|Any CPU
		{3FAC7D02-1155-49E6-95DF-DA6BD0AFD68F}.Release|Any CPU.ActiveCfg = Release|Any CPU
		{3FAC7D02-1155-49E6-95DF-DA6BD0AFD68F}.Release|Any CPU.Build.0 = Release|Any CPU
	EndGlobalSection
	GlobalSection(SolutionProperties) = preSolution
		HideSolutionNode = FALSE
	EndGlobalSection
	GlobalSection(ExtensibilityGlobals) = postSolution
		SolutionGuid = {A85BAC97-2B04-46B0-8219-C59BF817892A}
	EndGlobalSection
EndGlobal
